// !$*UTF8*$!
{
	archiveVersion = 1;
	classes = {
	};
	objectVersion = 56;
	objects = {

/* Begin PBXBuildFile section */
		3FAA2BC229A638F5003C9BB0 /* QRInstView.swift in Sources */ = {isa = PBXBuildFile; fileRef = 3FAA2BC129A638F5003C9BB0 /* QRInstView.swift */; };
		3FAA2BC429A63A43003C9BB0 /* QRInstViewController.swift in Sources */ = {isa = PBXBuildFile; fileRef = 3FAA2BC329A63A43003C9BB0 /* QRInstViewController.swift */; };
		3FAA2BC729A63BBC003C9BB0 /* QRPaymentViewController.swift in Sources */ = {isa = PBXBuildFile; fileRef = 3FAA2BC629A63BBC003C9BB0 /* QRPaymentViewController.swift */; };
		3FAA2BC929A63BE2003C9BB0 /* QRPaymentView.swift in Sources */ = {isa = PBXBuildFile; fileRef = 3FAA2BC829A63BE2003C9BB0 /* QRPaymentView.swift */; };
		3FAA2BCB29A63C4C003C9BB0 /* MyQRView.swift in Sources */ = {isa = PBXBuildFile; fileRef = 3FAA2BCA29A63C4C003C9BB0 /* MyQRView.swift */; };
		3FAA2BCD29A63C56003C9BB0 /* MyQRViewController.swift in Sources */ = {isa = PBXBuildFile; fileRef = 3FAA2BCC29A63C56003C9BB0 /* MyQRViewController.swift */; };
		3FD372BB299EA07900659451 /* AppDelegate.swift in Sources */ = {isa = PBXBuildFile; fileRef = 3FD372BA299EA07900659451 /* AppDelegate.swift */; };
		3FD372BD299EA07900659451 /* SceneDelegate.swift in Sources */ = {isa = PBXBuildFile; fileRef = 3FD372BC299EA07900659451 /* SceneDelegate.swift */; };
		3FD372BF299EA07900659451 /* ViewController.swift in Sources */ = {isa = PBXBuildFile; fileRef = 3FD372BE299EA07900659451 /* ViewController.swift */; };
		3FD372C4299EA07B00659451 /* Assets.xcassets in Resources */ = {isa = PBXBuildFile; fileRef = 3FD372C3299EA07B00659451 /* Assets.xcassets */; };
		3FD372C7299EA07B00659451 /* LaunchScreen.storyboard in Resources */ = {isa = PBXBuildFile; fileRef = 3FD372C5299EA07B00659451 /* LaunchScreen.storyboard */; };
		67148309D8E3799C63B79C5A /* Pods_qr_template.framework in Frameworks */ = {isa = PBXBuildFile; fileRef = 996F835BA3DDAAF243DB537A /* Pods_qr_template.framework */; };
/* End PBXBuildFile section */

/* Begin PBXFileReference section */
		0E0E8DB6BF35B7DBA65EA8F0 /* Pods-qr-template.debug.xcconfig */ = {isa = PBXFileReference; includeInIndex = 1; lastKnownFileType = text.xcconfig; name = "Pods-qr-template.debug.xcconfig"; path = "Target Support Files/Pods-qr-template/Pods-qr-template.debug.xcconfig"; sourceTree = "<group>"; };
		3E82F0839380777816FA6A5A /* Pods-qr-template.release.xcconfig */ = {isa = PBXFileReference; includeInIndex = 1; lastKnownFileType = text.xcconfig; name = "Pods-qr-template.release.xcconfig"; path = "Target Support Files/Pods-qr-template/Pods-qr-template.release.xcconfig"; sourceTree = "<group>"; };
		3FAA2BC129A638F5003C9BB0 /* QRInstView.swift */ = {isa = PBXFileReference; lastKnownFileType = sourcecode.swift; path = QRInstView.swift; sourceTree = "<group>"; };
		3FAA2BC329A63A43003C9BB0 /* QRInstViewController.swift */ = {isa = PBXFileReference; lastKnownFileType = sourcecode.swift; path = QRInstViewController.swift; sourceTree = "<group>"; };
		3FAA2BC629A63BBC003C9BB0 /* QRPaymentViewController.swift */ = {isa = PBXFileReference; lastKnownFileType = sourcecode.swift; path = QRPaymentViewController.swift; sourceTree = "<group>"; };
		3FAA2BC829A63BE2003C9BB0 /* QRPaymentView.swift */ = {isa = PBXFileReference; fileEncoding = 4; lastKnownFileType = sourcecode.swift; path = QRPaymentView.swift; sourceTree = "<group>"; };
		3FAA2BCA29A63C4C003C9BB0 /* MyQRView.swift */ = {isa = PBXFileReference; lastKnownFileType = sourcecode.swift; path = MyQRView.swift; sourceTree = "<group>"; };
		3FAA2BCC29A63C56003C9BB0 /* MyQRViewController.swift */ = {isa = PBXFileReference; lastKnownFileType = sourcecode.swift; path = MyQRViewController.swift; sourceTree = "<group>"; };
		3FD372B7299EA07900659451 /* qr-template.app */ = {isa = PBXFileReference; explicitFileType = wrapper.application; includeInIndex = 0; path = "qr-template.app"; sourceTree = BUILT_PRODUCTS_DIR; };
		3FD372BA299EA07900659451 /* AppDelegate.swift */ = {isa = PBXFileReference; lastKnownFileType = sourcecode.swift; path = AppDelegate.swift; sourceTree = "<group>"; };
		3FD372BC299EA07900659451 /* SceneDelegate.swift */ = {isa = PBXFileReference; lastKnownFileType = sourcecode.swift; path = SceneDelegate.swift; sourceTree = "<group>"; };
		3FD372BE299EA07900659451 /* ViewController.swift */ = {isa = PBXFileReference; lastKnownFileType = sourcecode.swift; path = ViewController.swift; sourceTree = "<group>"; };
		3FD372C3299EA07B00659451 /* Assets.xcassets */ = {isa = PBXFileReference; lastKnownFileType = folder.assetcatalog; path = Assets.xcassets; sourceTree = "<group>"; };
		3FD372C6299EA07B00659451 /* Base */ = {isa = PBXFileReference; lastKnownFileType = file.storyboard; name = Base; path = Base.lproj/LaunchScreen.storyboard; sourceTree = "<group>"; };
		3FD372C8299EA07B00659451 /* Info.plist */ = {isa = PBXFileReference; lastKnownFileType = text.plist.xml; path = Info.plist; sourceTree = "<group>"; };
		996F835BA3DDAAF243DB537A /* Pods_qr_template.framework */ = {isa = PBXFileReference; explicitFileType = wrapper.framework; includeInIndex = 0; path = Pods_qr_template.framework; sourceTree = BUILT_PRODUCTS_DIR; };
/* End PBXFileReference section */

/* Begin PBXFrameworksBuildPhase section */
		3FD372B4299EA07900659451 /* Frameworks */ = {
			isa = PBXFrameworksBuildPhase;
			buildActionMask = 2147483647;
			files = (
				67148309D8E3799C63B79C5A /* Pods_qr_template.framework in Frameworks */,
			);
			runOnlyForDeploymentPostprocessing = 0;
		};
/* End PBXFrameworksBuildPhase section */

/* Begin PBXGroup section */
		3FAA2BC529A63B68003C9BB0 /* ViewTemplates */ = {
			isa = PBXGroup;
			children = (
				3FAA2BC329A63A43003C9BB0 /* QRInstViewController.swift */,
				3FAA2BC629A63BBC003C9BB0 /* QRPaymentViewController.swift */,
				3FAA2BCC29A63C56003C9BB0 /* MyQRViewController.swift */,
				3FAA2BC129A638F5003C9BB0 /* QRInstView.swift */,
				3FAA2BC829A63BE2003C9BB0 /* QRPaymentView.swift */,
				3FAA2BCA29A63C4C003C9BB0 /* MyQRView.swift */,
			);
			path = ViewTemplates;
			sourceTree = "<group>";
		};
		3FD372AE299EA07900659451 = {
			isa = PBXGroup;
			children = (
				3FD372B9299EA07900659451 /* qr-template */,
				3FD372B8299EA07900659451 /* Products */,
				7FCBE755000C2786684C9F03 /* Pods */,
				6E5CC4070F514AE959957337 /* Frameworks */,
			);
			sourceTree = "<group>";
		};
		3FD372B8299EA07900659451 /* Products */ = {
			isa = PBXGroup;
			children = (
				3FD372B7299EA07900659451 /* qr-template.app */,
			);
			name = Products;
			sourceTree = "<group>";
		};
		3FD372B9299EA07900659451 /* qr-template */ = {
			isa = PBXGroup;
			children = (
				3FD372BA299EA07900659451 /* AppDelegate.swift */,
				3FD372BC299EA07900659451 /* SceneDelegate.swift */,
				3FAA2BC529A63B68003C9BB0 /* ViewTemplates */,
				3FD372BE299EA07900659451 /* ViewController.swift */,
				3FD372C3299EA07B00659451 /* Assets.xcassets */,
				3FD372C5299EA07B00659451 /* LaunchScreen.storyboard */,
				3FD372C8299EA07B00659451 /* Info.plist */,
			);
			path = "qr-template";
			sourceTree = "<group>";
		};
		6E5CC4070F514AE959957337 /* Frameworks */ = {
			isa = PBXGroup;
			children = (
				996F835BA3DDAAF243DB537A /* Pods_qr_template.framework */,
			);
			name = Frameworks;
			sourceTree = "<group>";
		};
		7FCBE755000C2786684C9F03 /* Pods */ = {
			isa = PBXGroup;
			children = (
				0E0E8DB6BF35B7DBA65EA8F0 /* Pods-qr-template.debug.xcconfig */,
				3E82F0839380777816FA6A5A /* Pods-qr-template.release.xcconfig */,
			);
			path = Pods;
			sourceTree = "<group>";
		};
/* End PBXGroup section */

/* Begin PBXNativeTarget section */
		3FD372B6299EA07900659451 /* qr-template */ = {
			isa = PBXNativeTarget;
			buildConfigurationList = 3FD372CB299EA07B00659451 /* Build configuration list for PBXNativeTarget "qr-template" */;
			buildPhases = (
				63B664DB2B1E36B5487F05CA /* [CP] Check Pods Manifest.lock */,
				3FD372B3299EA07900659451 /* Sources */,
				3FD372B4299EA07900659451 /* Frameworks */,
				3FD372B5299EA07900659451 /* Resources */,
				951C241489B0AD397A174C86 /* [CP] Embed Pods Frameworks */,
			);
			buildRules = (
			);
			dependencies = (
			);
			name = "qr-template";
			productName = "qr-template";
			productReference = 3FD372B7299EA07900659451 /* qr-template.app */;
			productType = "com.apple.product-type.application";
		};
/* End PBXNativeTarget section */

/* Begin PBXProject section */
		3FD372AF299EA07900659451 /* Project object */ = {
			isa = PBXProject;
			attributes = {
				BuildIndependentTargetsInParallel = 1;
				LastSwiftUpdateCheck = 1420;
				LastUpgradeCheck = 1420;
				TargetAttributes = {
					3FD372B6299EA07900659451 = {
						CreatedOnToolsVersion = 14.2;
					};
				};
			};
			buildConfigurationList = 3FD372B2299EA07900659451 /* Build configuration list for PBXProject "qr-template" */;
			compatibilityVersion = "Xcode 14.0";
			developmentRegion = en;
			hasScannedForEncodings = 0;
			knownRegions = (
				en,
				Base,
			);
			mainGroup = 3FD372AE299EA07900659451;
			productRefGroup = 3FD372B8299EA07900659451 /* Products */;
			projectDirPath = "";
			projectRoot = "";
			targets = (
				3FD372B6299EA07900659451 /* qr-template */,
			);
		};
/* End PBXProject section */

/* Begin PBXResourcesBuildPhase section */
		3FD372B5299EA07900659451 /* Resources */ = {
			isa = PBXResourcesBuildPhase;
			buildActionMask = 2147483647;
			files = (
				3FD372C7299EA07B00659451 /* LaunchScreen.storyboard in Resources */,
				3FD372C4299EA07B00659451 /* Assets.xcassets in Resources */,
			);
			runOnlyForDeploymentPostprocessing = 0;
		};
/* End PBXResourcesBuildPhase section */

/* Begin PBXShellScriptBuildPhase section */
		63B664DB2B1E36B5487F05CA /* [CP] Check Pods Manifest.lock */ = {
			isa = PBXShellScriptBuildPhase;
			buildActionMask = 2147483647;
			files = (
			);
			inputFileListPaths = (
			);
			inputPaths = (
				"${PODS_PODFILE_DIR_PATH}/Podfile.lock",
				"${PODS_ROOT}/Manifest.lock",
			);
			name = "[CP] Check Pods Manifest.lock";
			outputFileListPaths = (
			);
			outputPaths = (
				"$(DERIVED_FILE_DIR)/Pods-qr-template-checkManifestLockResult.txt",
			);
			runOnlyForDeploymentPostprocessing = 0;
			shellPath = /bin/sh;
			shellScript = "diff \"${PODS_PODFILE_DIR_PATH}/Podfile.lock\" \"${PODS_ROOT}/Manifest.lock\" > /dev/null\nif [ $? != 0 ] ; then\n    # print error to STDERR\n    echo \"error: The sandbox is not in sync with the Podfile.lock. Run 'pod install' or update your CocoaPods installation.\" >&2\n    exit 1\nfi\n# This output is used by Xcode 'outputs' to avoid re-running this script phase.\necho \"SUCCESS\" > \"${SCRIPT_OUTPUT_FILE_0}\"\n";
			showEnvVarsInLog = 0;
		};
		951C241489B0AD397A174C86 /* [CP] Embed Pods Frameworks */ = {
			isa = PBXShellScriptBuildPhase;
			buildActionMask = 2147483647;
			files = (
			);
			inputFileListPaths = (
				"${PODS_ROOT}/Target Support Files/Pods-qr-template/Pods-qr-template-frameworks-${CONFIGURATION}-input-files.xcfilelist",
			);
			name = "[CP] Embed Pods Frameworks";
			outputFileListPaths = (
				"${PODS_ROOT}/Target Support Files/Pods-qr-template/Pods-qr-template-frameworks-${CONFIGURATION}-output-files.xcfilelist",
			);
			runOnlyForDeploymentPostprocessing = 0;
			shellPath = /bin/sh;
			shellScript = "\"${PODS_ROOT}/Target Support Files/Pods-qr-template/Pods-qr-template-frameworks.sh\"\n";
			showEnvVarsInLog = 0;
		};
/* End PBXShellScriptBuildPhase section */

/* Begin PBXSourcesBuildPhase section */
		3FD372B3299EA07900659451 /* Sources */ = {
			isa = PBXSourcesBuildPhase;
			buildActionMask = 2147483647;
			files = (
				3FD372BF299EA07900659451 /* ViewController.swift in Sources */,
				3FAA2BC429A63A43003C9BB0 /* QRInstViewController.swift in Sources */,
				3FAA2BC229A638F5003C9BB0 /* QRInstView.swift in Sources */,
				3FAA2BC729A63BBC003C9BB0 /* QRPaymentViewController.swift in Sources */,
				3FD372BB299EA07900659451 /* AppDelegate.swift in Sources */,
				3FAA2BCB29A63C4C003C9BB0 /* MyQRView.swift in Sources */,
				3FD372BD299EA07900659451 /* SceneDelegate.swift in Sources */,
				3FAA2BCD29A63C56003C9BB0 /* MyQRViewController.swift in Sources */,
				3FAA2BC929A63BE2003C9BB0 /* QRPaymentView.swift in Sources */,
			);
			runOnlyForDeploymentPostprocessing = 0;
		};
/* End PBXSourcesBuildPhase section */

/* Begin PBXVariantGroup section */
		3FD372C5299EA07B00659451 /* LaunchScreen.storyboard */ = {
			isa = PBXVariantGroup;
			children = (
				3FD372C6299EA07B00659451 /* Base */,
			);
			name = LaunchScreen.storyboard;
			sourceTree = "<group>";
		};
/* End PBXVariantGroup section */

/* Begin XCBuildConfiguration section */
		3FD372C9299EA07B00659451 /* Debug */ = {
			isa = XCBuildConfiguration;
			buildSettings = {
				ALWAYS_SEARCH_USER_PATHS = NO;
				CLANG_ANALYZER_NONNULL = YES;
				CLANG_ANALYZER_NUMBER_OBJECT_CONVERSION = YES_AGGRESSIVE;
				CLANG_CXX_LANGUAGE_STANDARD = "gnu++20";
				CLANG_ENABLE_MODULES = YES;
				CLANG_ENABLE_OBJC_ARC = YES;
				CLANG_ENABLE_OBJC_WEAK = YES;
				CLANG_WARN_BLOCK_CAPTURE_AUTORELEASING = YES;
				CLANG_WARN_BOOL_CONVERSION = YES;
				CLANG_WARN_COMMA = YES;
				CLANG_WARN_CONSTANT_CONVERSION = YES;
				CLANG_WARN_DEPRECATED_OBJC_IMPLEMENTATIONS = YES;
				CLANG_WARN_DIRECT_OBJC_ISA_USAGE = YES_ERROR;
				CLANG_WARN_DOCUMENTATION_COMMENTS = YES;
				CLANG_WARN_EMPTY_BODY = YES;
				CLANG_WARN_ENUM_CONVERSION = YES;
				CLANG_WARN_INFINITE_RECURSION = YES;
				CLANG_WARN_INT_CONVERSION = YES;
				CLANG_WARN_NON_LITERAL_NULL_CONVERSION = YES;
				CLANG_WARN_OBJC_IMPLICIT_RETAIN_SELF = YES;
				CLANG_WARN_OBJC_LITERAL_CONVERSION = YES;
				CLANG_WARN_OBJC_ROOT_CLASS = YES_ERROR;
				CLANG_WARN_QUOTED_INCLUDE_IN_FRAMEWORK_HEADER = YES;
				CLANG_WARN_RANGE_LOOP_ANALYSIS = YES;
				CLANG_WARN_STRICT_PROTOTYPES = YES;
				CLANG_WARN_SUSPICIOUS_MOVE = YES;
				CLANG_WARN_UNGUARDED_AVAILABILITY = YES_AGGRESSIVE;
				CLANG_WARN_UNREACHABLE_CODE = YES;
				CLANG_WARN__DUPLICATE_METHOD_MATCH = YES;
				COPY_PHASE_STRIP = NO;
				DEBUG_INFORMATION_FORMAT = dwarf;
				ENABLE_STRICT_OBJC_MSGSEND = YES;
				ENABLE_TESTABILITY = YES;
				GCC_C_LANGUAGE_STANDARD = gnu11;
				GCC_DYNAMIC_NO_PIC = NO;
				GCC_NO_COMMON_BLOCKS = YES;
				GCC_OPTIMIZATION_LEVEL = 0;
				GCC_PREPROCESSOR_DEFINITIONS = (
					"DEBUG=1",
					"$(inherited)",
				);
				GCC_WARN_64_TO_32_BIT_CONVERSION = YES;
				GCC_WARN_ABOUT_RETURN_TYPE = YES_ERROR;
				GCC_WARN_UNDECLARED_SELECTOR = YES;
				GCC_WARN_UNINITIALIZED_AUTOS = YES_AGGRESSIVE;
				GCC_WARN_UNUSED_FUNCTION = YES;
				GCC_WARN_UNUSED_VARIABLE = YES;
				IPHONEOS_DEPLOYMENT_TARGET = 16.2;
				MTL_ENABLE_DEBUG_INFO = INCLUDE_SOURCE;
				MTL_FAST_MATH = YES;
				ONLY_ACTIVE_ARCH = YES;
				SDKROOT = iphoneos;
				SWIFT_ACTIVE_COMPILATION_CONDITIONS = DEBUG;
				SWIFT_OPTIMIZATION_LEVEL = "-Onone";
			};
			name = Debug;
		};
		3FD372CA299EA07B00659451 /* Release */ = {
			isa = XCBuildConfiguration;
			buildSettings = {
				ALWAYS_SEARCH_USER_PATHS = NO;
				CLANG_ANALYZER_NONNULL = YES;
				CLANG_ANALYZER_NUMBER_OBJECT_CONVERSION = YES_AGGRESSIVE;
				CLANG_CXX_LANGUAGE_STANDARD = "gnu++20";
				CLANG_ENABLE_MODULES = YES;
				CLANG_ENABLE_OBJC_ARC = YES;
				CLANG_ENABLE_OBJC_WEAK = YES;
				CLANG_WARN_BLOCK_CAPTURE_AUTORELEASING = YES;
				CLANG_WARN_BOOL_CONVERSION = YES;
				CLANG_WARN_COMMA = YES;
				CLANG_WARN_CONSTANT_CONVERSION = YES;
				CLANG_WARN_DEPRECATED_OBJC_IMPLEMENTATIONS = YES;
				CLANG_WARN_DIRECT_OBJC_ISA_USAGE = YES_ERROR;
				CLANG_WARN_DOCUMENTATION_COMMENTS = YES;
				CLANG_WARN_EMPTY_BODY = YES;
				CLANG_WARN_ENUM_CONVERSION = YES;
				CLANG_WARN_INFINITE_RECURSION = YES;
				CLANG_WARN_INT_CONVERSION = YES;
				CLANG_WARN_NON_LITERAL_NULL_CONVERSION = YES;
				CLANG_WARN_OBJC_IMPLICIT_RETAIN_SELF = YES;
				CLANG_WARN_OBJC_LITERAL_CONVERSION = YES;
				CLANG_WARN_OBJC_ROOT_CLASS = YES_ERROR;
				CLANG_WARN_QUOTED_INCLUDE_IN_FRAMEWORK_HEADER = YES;
				CLANG_WARN_RANGE_LOOP_ANALYSIS = YES;
				CLANG_WARN_STRICT_PROTOTYPES = YES;
				CLANG_WARN_SUSPICIOUS_MOVE = YES;
				CLANG_WARN_UNGUARDED_AVAILABILITY = YES_AGGRESSIVE;
				CLANG_WARN_UNREACHABLE_CODE = YES;
				CLANG_WARN__DUPLICATE_METHOD_MATCH = YES;
				COPY_PHASE_STRIP = NO;
				DEBUG_INFORMATION_FORMAT = "dwarf-with-dsym";
				ENABLE_NS_ASSERTIONS = NO;
				ENABLE_STRICT_OBJC_MSGSEND = YES;
				GCC_C_LANGUAGE_STANDARD = gnu11;
				GCC_NO_COMMON_BLOCKS = YES;
				GCC_WARN_64_TO_32_BIT_CONVERSION = YES;
				GCC_WARN_ABOUT_RETURN_TYPE = YES_ERROR;
				GCC_WARN_UNDECLARED_SELECTOR = YES;
				GCC_WARN_UNINITIALIZED_AUTOS = YES_AGGRESSIVE;
				GCC_WARN_UNUSED_FUNCTION = YES;
				GCC_WARN_UNUSED_VARIABLE = YES;
				IPHONEOS_DEPLOYMENT_TARGET = 16.2;
				MTL_ENABLE_DEBUG_INFO = NO;
				MTL_FAST_MATH = YES;
				SDKROOT = iphoneos;
				SWIFT_COMPILATION_MODE = wholemodule;
				SWIFT_OPTIMIZATION_LEVEL = "-O";
				VALIDATE_PRODUCT = YES;
			};
			name = Release;
		};
		3FD372CC299EA07B00659451 /* Debug */ = {
			isa = XCBuildConfiguration;
			baseConfigurationReference = 0E0E8DB6BF35B7DBA65EA8F0 /* Pods-qr-template.debug.xcconfig */;
			buildSettings = {
				ASSETCATALOG_COMPILER_APPICON_NAME = AppIcon;
				ASSETCATALOG_COMPILER_GLOBAL_ACCENT_COLOR_NAME = AccentColor;
				CODE_SIGN_STYLE = Automatic;
				CURRENT_PROJECT_VERSION = 1;
				DEVELOPMENT_TEAM = R452RJLWD3;
				GENERATE_INFOPLIST_FILE = YES;
				INFOPLIST_FILE = "qr-template/Info.plist";
				INFOPLIST_KEY_UIApplicationSupportsIndirectInputEvents = YES;
				INFOPLIST_KEY_UILaunchStoryboardName = LaunchScreen;
				INFOPLIST_KEY_UISupportedInterfaceOrientations_iPad = "UIInterfaceOrientationPortrait UIInterfaceOrientationPortraitUpsideDown UIInterfaceOrientationLandscapeLeft UIInterfaceOrientationLandscapeRight";
				INFOPLIST_KEY_UISupportedInterfaceOrientations_iPhone = "UIInterfaceOrientationPortrait UIInterfaceOrientationLandscapeLeft UIInterfaceOrientationLandscapeRight";
				LD_RUNPATH_SEARCH_PATHS = (
					"$(inherited)",
					"@executable_path/Frameworks",
				);
				MARKETING_VERSION = 1.0;
				PRODUCT_BUNDLE_IDENTIFIER = "Nura.qr-template";
				PRODUCT_NAME = "$(TARGET_NAME)";
				SWIFT_EMIT_LOC_STRINGS = YES;
				SWIFT_VERSION = 5.0;
				TARGETED_DEVICE_FAMILY = "1,2";
			};
			name = Debug;
		};
		3FD372CD299EA07B00659451 /* Release */ = {
			isa = XCBuildConfiguration;
			baseConfigurationReference = 3E82F0839380777816FA6A5A /* Pods-qr-template.release.xcconfig */;
			buildSettings = {
				ASSETCATALOG_COMPILER_APPICON_NAME = AppIcon;
				ASSETCATALOG_COMPILER_GLOBAL_ACCENT_COLOR_NAME = AccentColor;
				CODE_SIGN_STYLE = Automatic;
				CURRENT_PROJECT_VERSION = 1;
				DEVELOPMENT_TEAM = R452RJLWD3;
				GENERATE_INFOPLIST_FILE = YES;
				INFOPLIST_FILE = "qr-template/Info.plist";
				INFOPLIST_KEY_UIApplicationSupportsIndirectInputEvents = YES;
				INFOPLIST_KEY_UILaunchStoryboardName = LaunchScreen;
				INFOPLIST_KEY_UISupportedInterfaceOrientations_iPad = "UIInterfaceOrientationPortrait UIInterfaceOrientationPortraitUpsideDown UIInterfaceOrientationLandscapeLeft UIInterfaceOrientationLandscapeRight";
				INFOPLIST_KEY_UISupportedInterfaceOrientations_iPhone = "UIInterfaceOrientationPortrait UIInterfaceOrientationLandscapeLeft UIInterfaceOrientationLandscapeRight";
				LD_RUNPATH_SEARCH_PATHS = (
					"$(inherited)",
					"@executable_path/Frameworks",
				);
				MARKETING_VERSION = 1.0;
				PRODUCT_BUNDLE_IDENTIFIER = "Nura.qr-template";
				PRODUCT_NAME = "$(TARGET_NAME)";
				SWIFT_EMIT_LOC_STRINGS = YES;
				SWIFT_VERSION = 5.0;
				TARGETED_DEVICE_FAMILY = "1,2";
			};
			name = Release;
		};
/* End XCBuildConfiguration section */

/* Begin XCConfigurationList section */
		3FD372B2299EA07900659451 /* Build configuration list for PBXProject "qr-template" */ = {
			isa = XCConfigurationList;
			buildConfigurations = (
				3FD372C9299EA07B00659451 /* Debug */,
				3FD372CA299EA07B00659451 /* Release */,
			);
			defaultConfigurationIsVisible = 0;
			defaultConfigurationName = Release;
		};
		3FD372CB299EA07B00659451 /* Build configuration list for PBXNativeTarget "qr-template" */ = {
			isa = XCConfigurationList;
			buildConfigurations = (
				3FD372CC299EA07B00659451 /* Debug */,
				3FD372CD299EA07B00659451 /* Release */,
			);
			defaultConfigurationIsVisible = 0;
			defaultConfigurationName = Release;
		};
/* End XCConfigurationList section */
	};
	rootObject = 3FD372AF299EA07900659451 /* Project object */;
}
